
Microsoft Visual Studio Solution File, Format Version 12.00
# Visual Studio Version 16
VisualStudioVersion = 16.0.30907.101
MinimumVisualStudioVersion = 10.0.40219.1
Project("{FAE04EC0-301F-11D3-BF4B-00C04F79EFBC}") = "DonorCentar.WebAPI", "DonorCentar.WebAPI\DonorCentar.WebAPI.csproj", "{5A277452-40F2-480B-A4F4-95D0F5D95A88}"
EndProject
Project("{FAE04EC0-301F-11D3-BF4B-00C04F79EFBC}") = "DonorCentar.Model", "DonorCentar.Model\DonorCentar.Model.csproj", "{611B4B47-3F6B-4F57-B601-030369564A28}"
EndProject
Project("{FAE04EC0-301F-11D3-BF4B-00C04F79EFBC}") = "DonorCentar.WinUI", "DonorCentar.WinUI\DonorCentar.WinUI.csproj", "{B7633FE2-C3C5-4869-9C7F-BB17ADF575E7}"
EndProject
Global
	GlobalSection(SolutionConfigurationPlatforms) = preSolution
		Debug|Any CPU = Debug|Any CPU
		Release|Any CPU = Release|Any CPU
	EndGlobalSection
	GlobalSection(ProjectConfigurationPlatforms) = postSolution
		{5A277452-40F2-480B-A4F4-95D0F5D95A88}.Debug|Any CPU.ActiveCfg = Debug|Any CPU
		{5A277452-40F2-480B-A4F4-95D0F5D95A88}.Debug|Any CPU.Build.0 = Debug|Any CPU
		{5A277452-40F2-480B-A4F4-95D0F5D95A88}.Release|Any CPU.ActiveCfg = Release|Any CPU
		{5A277452-40F2-480B-A4F4-95D0F5D95A88}.Release|Any CPU.Build.0 = Release|Any CPU
		{611B4B47-3F6B-4F57-B601-030369564A28}.Debug|Any CPU.ActiveCfg = Debug|Any CPU
		{611B4B47-3F6B-4F57-B601-030369564A28}.Debug|Any CPU.Build.0 = Debug|Any CPU
		{611B4B47-3F6B-4F57-B601-030369564A28}.Release|Any CPU.ActiveCfg = Release|Any CPU
		{611B4B47-3F6B-4F57-B601-030369564A28}.Release|Any CPU.Build.0 = Release|Any CPU
		{B7633FE2-C3C5-4869-9C7F-BB17ADF575E7}.Debug|Any CPU.ActiveCfg = Debug|Any CPU
		{B7633FE2-C3C5-4869-9C7F-BB17ADF575E7}.Debug|Any CPU.Build.0 = Debug|Any CPU
		{B7633FE2-C3C5-4869-9C7F-BB17ADF575E7}.Release|Any CPU.ActiveCfg = Release|Any CPU
		{B7633FE2-C3C5-4869-9C7F-BB17ADF575E7}.Release|Any CPU.Build.0 = Release|Any CPU
	EndGlobalSection
	GlobalSection(SolutionProperties) = preSolution
		HideSolutionNode = FALSE
	EndGlobalSection
	GlobalSection(ExtensibilityGlobals) = postSolution
		SolutionGuid = {E6310F3A-8DF3-42FD-A042-1B1D7A1A202A}
	EndGlobalSection
EndGlobal
